// !$*UTF8*$!
{
	archiveVersion = 1;
	classes = {
	};
	objectVersion = 55;
	objects = {

/* Begin PBXBuildFile section */
		BD5BC28B286637E300B1AE14 /* AppDelegate.swift in Sources */ = {isa = PBXBuildFile; fileRef = BD5BC28A286637E300B1AE14 /* AppDelegate.swift */; };
		BD5BC28D286637E300B1AE14 /* SceneDelegate.swift in Sources */ = {isa = PBXBuildFile; fileRef = BD5BC28C286637E300B1AE14 /* SceneDelegate.swift */; };
		BD5BC28F286637E300B1AE14 /* ViewController.swift in Sources */ = {isa = PBXBuildFile; fileRef = BD5BC28E286637E300B1AE14 /* ViewController.swift */; };
		BD5BC292286637E300B1AE14 /* Main.storyboard in Resources */ = {isa = PBXBuildFile; fileRef = BD5BC290286637E300B1AE14 /* Main.storyboard */; };
		BD5BC295286637E300B1AE14 /* coreDataProject.xcdatamodeld in Sources */ = {isa = PBXBuildFile; fileRef = BD5BC293286637E300B1AE14 /* coreDataProject.xcdatamodeld */; };
		BD5BC297286637E500B1AE14 /* Assets.xcassets in Resources */ = {isa = PBXBuildFile; fileRef = BD5BC296286637E500B1AE14 /* Assets.xcassets */; };
		BD5BC29A286637E500B1AE14 /* LaunchScreen.storyboard in Resources */ = {isa = PBXBuildFile; fileRef = BD5BC298286637E500B1AE14 /* LaunchScreen.storyboard */; };
		BD5BC2A5286637E500B1AE14 /* coreDataProjectTests.swift in Sources */ = {isa = PBXBuildFile; fileRef = BD5BC2A4286637E500B1AE14 /* coreDataProjectTests.swift */; };
		BD5BC2AF286637E500B1AE14 /* coreDataProjectUITests.swift in Sources */ = {isa = PBXBuildFile; fileRef = BD5BC2AE286637E500B1AE14 /* coreDataProjectUITests.swift */; };
		BD5BC2B1286637E500B1AE14 /* coreDataProjectUITestsLaunchTests.swift in Sources */ = {isa = PBXBuildFile; fileRef = BD5BC2B0286637E500B1AE14 /* coreDataProjectUITestsLaunchTests.swift */; };
/* End PBXBuildFile section */

/* Begin PBXContainerItemProxy section */
		BD5BC2A1286637E500B1AE14 /* PBXContainerItemProxy */ = {
			isa = PBXContainerItemProxy;
			containerPortal = BD5BC27F286637E300B1AE14 /* Project object */;
			proxyType = 1;
			remoteGlobalIDString = BD5BC286286637E300B1AE14;
			remoteInfo = coreDataProject;
		};
		BD5BC2AB286637E500B1AE14 /* PBXContainerItemProxy */ = {
			isa = PBXContainerItemProxy;
			containerPortal = BD5BC27F286637E300B1AE14 /* Project object */;
			proxyType = 1;
			remoteGlobalIDString = BD5BC286286637E300B1AE14;
			remoteInfo = coreDataProject;
		};
/* End PBXContainerItemProxy section */

/* Begin PBXFileReference section */
		BD5BC287286637E300B1AE14 /* coreDataProject.app */ = {isa = PBXFileReference; explicitFileType = wrapper.application; includeInIndex = 0; path = coreDataProject.app; sourceTree = BUILT_PRODUCTS_DIR; };
		BD5BC28A286637E300B1AE14 /* AppDelegate.swift */ = {isa = PBXFileReference; lastKnownFileType = sourcecode.swift; path = AppDelegate.swift; sourceTree = "<group>"; };
		BD5BC28C286637E300B1AE14 /* SceneDelegate.swift */ = {isa = PBXFileReference; lastKnownFileType = sourcecode.swift; path = SceneDelegate.swift; sourceTree = "<group>"; };
		BD5BC28E286637E300B1AE14 /* ViewController.swift */ = {isa = PBXFileReference; lastKnownFileType = sourcecode.swift; path = ViewController.swift; sourceTree = "<group>"; };
		BD5BC291286637E300B1AE14 /* Base */ = {isa = PBXFileReference; lastKnownFileType = file.storyboard; name = Base; path = Base.lproj/Main.storyboard; sourceTree = "<group>"; };
		BD5BC294286637E300B1AE14 /* coreDataProject.xcdatamodel */ = {isa = PBXFileReference; lastKnownFileType = wrapper.xcdatamodel; path = coreDataProject.xcdatamodel; sourceTree = "<group>"; };
		BD5BC296286637E500B1AE14 /* Assets.xcassets */ = {isa = PBXFileReference; lastKnownFileType = folder.assetcatalog; path = Assets.xcassets; sourceTree = "<group>"; };
		BD5BC299286637E500B1AE14 /* Base */ = {isa = PBXFileReference; lastKnownFileType = file.storyboard; name = Base; path = Base.lproj/LaunchScreen.storyboard; sourceTree = "<group>"; };
		BD5BC29B286637E500B1AE14 /* Info.plist */ = {isa = PBXFileReference; lastKnownFileType = text.plist.xml; path = Info.plist; sourceTree = "<group>"; };
		BD5BC2A0286637E500B1AE14 /* coreDataProjectTests.xctest */ = {isa = PBXFileReference; explicitFileType = wrapper.cfbundle; includeInIndex = 0; path = coreDataProjectTests.xctest; sourceTree = BUILT_PRODUCTS_DIR; };
		BD5BC2A4286637E500B1AE14 /* coreDataProjectTests.swift */ = {isa = PBXFileReference; lastKnownFileType = sourcecode.swift; path = coreDataProjectTests.swift; sourceTree = "<group>"; };
		BD5BC2AA286637E500B1AE14 /* coreDataProjectUITests.xctest */ = {isa = PBXFileReference; explicitFileType = wrapper.cfbundle; includeInIndex = 0; path = coreDataProjectUITests.xctest; sourceTree = BUILT_PRODUCTS_DIR; };
		BD5BC2AE286637E500B1AE14 /* coreDataProjectUITests.swift */ = {isa = PBXFileReference; lastKnownFileType = sourcecode.swift; path = coreDataProjectUITests.swift; sourceTree = "<group>"; };
		BD5BC2B0286637E500B1AE14 /* coreDataProjectUITestsLaunchTests.swift */ = {isa = PBXFileReference; lastKnownFileType = sourcecode.swift; path = coreDataProjectUITestsLaunchTests.swift; sourceTree = "<group>"; };
/* End PBXFileReference section */

/* Begin PBXFrameworksBuildPhase section */
		BD5BC284286637E300B1AE14 /* Frameworks */ = {
			isa = PBXFrameworksBuildPhase;
			buildActionMask = 2147483647;
			files = (
			);
			runOnlyForDeploymentPostprocessing = 0;
		};
		BD5BC29D286637E500B1AE14 /* Frameworks */ = {
			isa = PBXFrameworksBuildPhase;
			buildActionMask = 2147483647;
			files = (
			);
			runOnlyForDeploymentPostprocessing = 0;
		};
		BD5BC2A7286637E500B1AE14 /* Frameworks */ = {
			isa = PBXFrameworksBuildPhase;
			buildActionMask = 2147483647;
			files = (
			);
			runOnlyForDeploymentPostprocessing = 0;
		};
/* End PBXFrameworksBuildPhase section */

/* Begin PBXGroup section */
		BD5BC27E286637E300B1AE14 = {
			isa = PBXGroup;
			children = (
				BD5BC289286637E300B1AE14 /* coreDataProject */,
				BD5BC2A3286637E500B1AE14 /* coreDataProjectTests */,
				BD5BC2AD286637E500B1AE14 /* coreDataProjectUITests */,
				BD5BC288286637E300B1AE14 /* Products */,
			);
			sourceTree = "<group>";
		};
		BD5BC288286637E300B1AE14 /* Products */ = {
			isa = PBXGroup;
			children = (
				BD5BC287286637E300B1AE14 /* coreDataProject.app */,
				BD5BC2A0286637E500B1AE14 /* coreDataProjectTests.xctest */,
				BD5BC2AA286637E500B1AE14 /* coreDataProjectUITests.xctest */,
			);
			name = Products;
			sourceTree = "<group>";
		};
		BD5BC289286637E300B1AE14 /* coreDataProject */ = {
			isa = PBXGroup;
			children = (
				BD5BC28A286637E300B1AE14 /* AppDelegate.swift */,
				BD5BC28C286637E300B1AE14 /* SceneDelegate.swift */,
				BD5BC28E286637E300B1AE14 /* ViewController.swift */,
				BD5BC290286637E300B1AE14 /* Main.storyboard */,
				BD5BC296286637E500B1AE14 /* Assets.xcassets */,
				BD5BC298286637E500B1AE14 /* LaunchScreen.storyboard */,
				BD5BC29B286637E500B1AE14 /* Info.plist */,
				BD5BC293286637E300B1AE14 /* coreDataProject.xcdatamodeld */,
			);
			path = coreDataProject;
			sourceTree = "<group>";
		};
		BD5BC2A3286637E500B1AE14 /* coreDataProjectTests */ = {
			isa = PBXGroup;
			children = (
				BD5BC2A4286637E500B1AE14 /* coreDataProjectTests.swift */,
			);
			path = coreDataProjectTests;
			sourceTree = "<group>";
		};
		BD5BC2AD286637E500B1AE14 /* coreDataProjectUITests */ = {
			isa = PBXGroup;
			children = (
				BD5BC2AE286637E500B1AE14 /* coreDataProjectUITests.swift */,
				BD5BC2B0286637E500B1AE14 /* coreDataProjectUITestsLaunchTests.swift */,
			);
			path = coreDataProjectUITests;
			sourceTree = "<group>";
		};
/* End PBXGroup section */

/* Begin PBXNativeTarget section */
		BD5BC286286637E300B1AE14 /* coreDataProject */ = {
			isa = PBXNativeTarget;
			buildConfigurationList = BD5BC2B4286637E500B1AE14 /* Build configuration list for PBXNativeTarget "coreDataProject" */;
			buildPhases = (
				BD5BC283286637E300B1AE14 /* Sources */,
				BD5BC284286637E300B1AE14 /* Frameworks */,
				BD5BC285286637E300B1AE14 /* Resources */,
			);
			buildRules = (
			);
			dependencies = (
			);
			name = coreDataProject;
			productName = coreDataProject;
			productReference = BD5BC287286637E300B1AE14 /* coreDataProject.app */;
			productType = "com.apple.product-type.application";
		};
		BD5BC29F286637E500B1AE14 /* coreDataProjectTests */ = {
			isa = PBXNativeTarget;
			buildConfigurationList = BD5BC2B7286637E500B1AE14 /* Build configuration list for PBXNativeTarget "coreDataProjectTests" */;
			buildPhases = (
				BD5BC29C286637E500B1AE14 /* Sources */,
				BD5BC29D286637E500B1AE14 /* Frameworks */,
				BD5BC29E286637E500B1AE14 /* Resources */,
			);
			buildRules = (
			);
			dependencies = (
				BD5BC2A2286637E500B1AE14 /* PBXTargetDependency */,
			);
			name = coreDataProjectTests;
			productName = coreDataProjectTests;
			productReference = BD5BC2A0286637E500B1AE14 /* coreDataProjectTests.xctest */;
			productType = "com.apple.product-type.bundle.unit-test";
		};
		BD5BC2A9286637E500B1AE14 /* coreDataProjectUITests */ = {
			isa = PBXNativeTarget;
			buildConfigurationList = BD5BC2BA286637E500B1AE14 /* Build configuration list for PBXNativeTarget "coreDataProjectUITests" */;
			buildPhases = (
				BD5BC2A6286637E500B1AE14 /* Sources */,
				BD5BC2A7286637E500B1AE14 /* Frameworks */,
				BD5BC2A8286637E500B1AE14 /* Resources */,
			);
			buildRules = (
			);
			dependencies = (
				BD5BC2AC286637E500B1AE14 /* PBXTargetDependency */,
			);
			name = coreDataProjectUITests;
			productName = coreDataProjectUITests;
			productReference = BD5BC2AA286637E500B1AE14 /* coreDataProjectUITests.xctest */;
			productType = "com.apple.product-type.bundle.ui-testing";
		};
/* End PBXNativeTarget section */

/* Begin PBXProject section */
		BD5BC27F286637E300B1AE14 /* Project object */ = {
			isa = PBXProject;
			attributes = {
				BuildIndependentTargetsInParallel = 1;
				LastSwiftUpdateCheck = 1340;
				LastUpgradeCheck = 1340;
				TargetAttributes = {
					BD5BC286286637E300B1AE14 = {
						CreatedOnToolsVersion = 13.4.1;
					};
					BD5BC29F286637E500B1AE14 = {
						CreatedOnToolsVersion = 13.4.1;
						TestTargetID = BD5BC286286637E300B1AE14;
					};
					BD5BC2A9286637E500B1AE14 = {
						CreatedOnToolsVersion = 13.4.1;
						TestTargetID = BD5BC286286637E300B1AE14;
					};
				};
			};
			buildConfigurationList = BD5BC282286637E300B1AE14 /* Build configuration list for PBXProject "coreDataProject" */;
			compatibilityVersion = "Xcode 13.0";
			developmentRegion = en;
			hasScannedForEncodings = 0;
			knownRegions = (
				en,
				Base,
			);
			mainGroup = BD5BC27E286637E300B1AE14;
			productRefGroup = BD5BC288286637E300B1AE14 /* Products */;
			projectDirPath = "";
			projectRoot = "";
			targets = (
				BD5BC286286637E300B1AE14 /* coreDataProject */,
				BD5BC29F286637E500B1AE14 /* coreDataProjectTests */,
				BD5BC2A9286637E500B1AE14 /* coreDataProjectUITests */,
			);
		};
/* End PBXProject section */

/* Begin PBXResourcesBuildPhase section */
		BD5BC285286637E300B1AE14 /* Resources */ = {
			isa = PBXResourcesBuildPhase;
			buildActionMask = 2147483647;
			files = (
				BD5BC29A286637E500B1AE14 /* LaunchScreen.storyboard in Resources */,
				BD5BC297286637E500B1AE14 /* Assets.xcassets in Resources */,
				BD5BC292286637E300B1AE14 /* Main.storyboard in Resources */,
			);
			runOnlyForDeploymentPostprocessing = 0;
		};
		BD5BC29E286637E500B1AE14 /* Resources */ = {
			isa = PBXResourcesBuildPhase;
			buildActionMask = 2147483647;
			files = (
			);
			runOnlyForDeploymentPostprocessing = 0;
		};
		BD5BC2A8286637E500B1AE14 /* Resources */ = {
			isa = PBXResourcesBuildPhase;
			buildActionMask = 2147483647;
			files = (
			);
			runOnlyForDeploymentPostprocessing = 0;
		};
/* End PBXResourcesBuildPhase section */

/* Begin PBXSourcesBuildPhase section */
		BD5BC283286637E300B1AE14 /* Sources */ = {
			isa = PBXSourcesBuildPhase;
			buildActionMask = 2147483647;
			files = (
				BD5BC28F286637E300B1AE14 /* ViewController.swift in Sources */,
				BD5BC28B286637E300B1AE14 /* AppDelegate.swift in Sources */,
				BD5BC295286637E300B1AE14 /* coreDataProject.xcdatamodeld in Sources */,
				BD5BC28D286637E300B1AE14 /* SceneDelegate.swift in Sources */,
			);
			runOnlyForDeploymentPostprocessing = 0;
		};
		BD5BC29C286637E500B1AE14 /* Sources */ = {
			isa = PBXSourcesBuildPhase;
			buildActionMask = 2147483647;
			files = (
				BD5BC2A5286637E500B1AE14 /* coreDataProjectTests.swift in Sources */,
			);
			runOnlyForDeploymentPostprocessing = 0;
		};
		BD5BC2A6286637E500B1AE14 /* Sources */ = {
			isa = PBXSourcesBuildPhase;
			buildActionMask = 2147483647;
			files = (
				BD5BC2AF286637E500B1AE14 /* coreDataProjectUITests.swift in Sources */,
				BD5BC2B1286637E500B1AE14 /* coreDataProjectUITestsLaunchTests.swift in Sources */,
			);
			runOnlyForDeploymentPostprocessing = 0;
		};
/* End PBXSourcesBuildPhase section */

/* Begin PBXTargetDependency section */
		BD5BC2A2286637E500B1AE14 /* PBXTargetDependency */ = {
			isa = PBXTargetDependency;
			target = BD5BC286286637E300B1AE14 /* coreDataProject */;
			targetProxy = BD5BC2A1286637E500B1AE14 /* PBXContainerItemProxy */;
		};
		BD5BC2AC286637E500B1AE14 /* PBXTargetDependency */ = {
			isa = PBXTargetDependency;
			target = BD5BC286286637E300B1AE14 /* coreDataProject */;
			targetProxy = BD5BC2AB286637E500B1AE14 /* PBXContainerItemProxy */;
		};
/* End PBXTargetDependency section */

/* Begin PBXVariantGroup section */
		BD5BC290286637E300B1AE14 /* Main.storyboard */ = {
			isa = PBXVariantGroup;
			children = (
				BD5BC291286637E300B1AE14 /* Base */,
			);
			name = Main.storyboard;
			sourceTree = "<group>";
		};
		BD5BC298286637E500B1AE14 /* LaunchScreen.storyboard */ = {
			isa = PBXVariantGroup;
			children = (
				BD5BC299286637E500B1AE14 /* Base */,
			);
			name = LaunchScreen.storyboard;
			sourceTree = "<group>";
		};
/* End PBXVariantGroup section */

/* Begin XCBuildConfiguration section */
		BD5BC2B2286637E500B1AE14 /* Debug */ = {
			isa = XCBuildConfiguration;
			buildSettings = {
				ALWAYS_SEARCH_USER_PATHS = NO;
				CLANG_ANALYZER_NONNULL = YES;
				CLANG_ANALYZER_NUMBER_OBJECT_CONVERSION = YES_AGGRESSIVE;
				CLANG_CXX_LANGUAGE_STANDARD = "gnu++17";
				CLANG_ENABLE_MODULES = YES;
				CLANG_ENABLE_OBJC_ARC = YES;
				CLANG_ENABLE_OBJC_WEAK = YES;
				CLANG_WARN_BLOCK_CAPTURE_AUTORELEASING = YES;
				CLANG_WARN_BOOL_CONVERSION = YES;
				CLANG_WARN_COMMA = YES;
				CLANG_WARN_CONSTANT_CONVERSION = YES;
				CLANG_WARN_DEPRECATED_OBJC_IMPLEMENTATIONS = YES;
				CLANG_WARN_DIRECT_OBJC_ISA_USAGE = YES_ERROR;
				CLANG_WARN_DOCUMENTATION_COMMENTS = YES;
				CLANG_WARN_EMPTY_BODY = YES;
				CLANG_WARN_ENUM_CONVERSION = YES;
				CLANG_WARN_INFINITE_RECURSION = YES;
				CLANG_WARN_INT_CONVERSION = YES;
				CLANG_WARN_NON_LITERAL_NULL_CONVERSION = YES;
				CLANG_WARN_OBJC_IMPLICIT_RETAIN_SELF = YES;
				CLANG_WARN_OBJC_LITERAL_CONVERSION = YES;
				CLANG_WARN_OBJC_ROOT_CLASS = YES_ERROR;
				CLANG_WARN_QUOTED_INCLUDE_IN_FRAMEWORK_HEADER = YES;
				CLANG_WARN_RANGE_LOOP_ANALYSIS = YES;
				CLANG_WARN_STRICT_PROTOTYPES = YES;
				CLANG_WARN_SUSPICIOUS_MOVE = YES;
				CLANG_WARN_UNGUARDED_AVAILABILITY = YES_AGGRESSIVE;
				CLANG_WARN_UNREACHABLE_CODE = YES;
				CLANG_WARN__DUPLICATE_METHOD_MATCH = YES;
				COPY_PHASE_STRIP = NO;
				DEBUG_INFORMATION_FORMAT = dwarf;
				ENABLE_STRICT_OBJC_MSGSEND = YES;
				ENABLE_TESTABILITY = YES;
				GCC_C_LANGUAGE_STANDARD = gnu11;
				GCC_DYNAMIC_NO_PIC = NO;
				GCC_NO_COMMON_BLOCKS = YES;
				GCC_OPTIMIZATION_LEVEL = 0;
				GCC_PREPROCESSOR_DEFINITIONS = (
					"DEBUG=1",
					"$(inherited)",
				);
				GCC_WARN_64_TO_32_BIT_CONVERSION = YES;
				GCC_WARN_ABOUT_RETURN_TYPE = YES_ERROR;
				GCC_WARN_UNDECLARED_SELECTOR = YES;
				GCC_WARN_UNINITIALIZED_AUTOS = YES_AGGRESSIVE;
				GCC_WARN_UNUSED_FUNCTION = YES;
				GCC_WARN_UNUSED_VARIABLE = YES;
				IPHONEOS_DEPLOYMENT_TARGET = 15.5;
				MTL_ENABLE_DEBUG_INFO = INCLUDE_SOURCE;
				MTL_FAST_MATH = YES;
				ONLY_ACTIVE_ARCH = YES;
				SDKROOT = iphoneos;
				SWIFT_ACTIVE_COMPILATION_CONDITIONS = DEBUG;
				SWIFT_OPTIMIZATION_LEVEL = "-Onone";
			};
			name = Debug;
		};
		BD5BC2B3286637E500B1AE14 /* Release */ = {
			isa = XCBuildConfiguration;
			buildSettings = {
				ALWAYS_SEARCH_USER_PATHS = NO;
				CLANG_ANALYZER_NONNULL = YES;
				CLANG_ANALYZER_NUMBER_OBJECT_CONVERSION = YES_AGGRESSIVE;
				CLANG_CXX_LANGUAGE_STANDARD = "gnu++17";
				CLANG_ENABLE_MODULES = YES;
				CLANG_ENABLE_OBJC_ARC = YES;
				CLANG_ENABLE_OBJC_WEAK = YES;
				CLANG_WARN_BLOCK_CAPTURE_AUTORELEASING = YES;
				CLANG_WARN_BOOL_CONVERSION = YES;
				CLANG_WARN_COMMA = YES;
				CLANG_WARN_CONSTANT_CONVERSION = YES;
				CLANG_WARN_DEPRECATED_OBJC_IMPLEMENTATIONS = YES;
				CLANG_WARN_DIRECT_OBJC_ISA_USAGE = YES_ERROR;
				CLANG_WARN_DOCUMENTATION_COMMENTS = YES;
				CLANG_WARN_EMPTY_BODY = YES;
				CLANG_WARN_ENUM_CONVERSION = YES;
				CLANG_WARN_INFINITE_RECURSION = YES;
				CLANG_WARN_INT_CONVERSION = YES;
				CLANG_WARN_NON_LITERAL_NULL_CONVERSION = YES;
				CLANG_WARN_OBJC_IMPLICIT_RETAIN_SELF = YES;
				CLANG_WARN_OBJC_LITERAL_CONVERSION = YES;
				CLANG_WARN_OBJC_ROOT_CLASS = YES_ERROR;
				CLANG_WARN_QUOTED_INCLUDE_IN_FRAMEWORK_HEADER = YES;
				CLANG_WARN_RANGE_LOOP_ANALYSIS = YES;
				CLANG_WARN_STRICT_PROTOTYPES = YES;
				CLANG_WARN_SUSPICIOUS_MOVE = YES;
				CLANG_WARN_UNGUARDED_AVAILABILITY = YES_AGGRESSIVE;
				CLANG_WARN_UNREACHABLE_CODE = YES;
				CLANG_WARN__DUPLICATE_METHOD_MATCH = YES;
				COPY_PHASE_STRIP = NO;
				DEBUG_INFORMATION_FORMAT = "dwarf-with-dsym";
				ENABLE_NS_ASSERTIONS = NO;
				ENABLE_STRICT_OBJC_MSGSEND = YES;
				GCC_C_LANGUAGE_STANDARD = gnu11;
				GCC_NO_COMMON_BLOCKS = YES;
				GCC_WARN_64_TO_32_BIT_CONVERSION = YES;
				GCC_WARN_ABOUT_RETURN_TYPE = YES_ERROR;
				GCC_WARN_UNDECLARED_SELECTOR = YES;
				GCC_WARN_UNINITIALIZED_AUTOS = YES_AGGRESSIVE;
				GCC_WARN_UNUSED_FUNCTION = YES;
				GCC_WARN_UNUSED_VARIABLE = YES;
				IPHONEOS_DEPLOYMENT_TARGET = 15.5;
				MTL_ENABLE_DEBUG_INFO = NO;
				MTL_FAST_MATH = YES;
				SDKROOT = iphoneos;
				SWIFT_COMPILATION_MODE = wholemodule;
				SWIFT_OPTIMIZATION_LEVEL = "-O";
				VALIDATE_PRODUCT = YES;
			};
			name = Release;
		};
		BD5BC2B5286637E500B1AE14 /* Debug */ = {
			isa = XCBuildConfiguration;
			buildSettings = {
				ASSETCATALOG_COMPILER_APPICON_NAME = AppIcon;
				ASSETCATALOG_COMPILER_GLOBAL_ACCENT_COLOR_NAME = AccentColor;
				CODE_SIGN_STYLE = Automatic;
				CURRENT_PROJECT_VERSION = 1;
				GENERATE_INFOPLIST_FILE = YES;
				INFOPLIST_FILE = coreDataProject/Info.plist;
				INFOPLIST_KEY_UIApplicationSupportsIndirectInputEvents = YES;
				INFOPLIST_KEY_UILaunchStoryboardName = LaunchScreen;
				INFOPLIST_KEY_UIMainStoryboardFile = Main;
				INFOPLIST_KEY_UISupportedInterfaceOrientations_iPad = "UIInterfaceOrientationPortrait UIInterfaceOrientationPortraitUpsideDown UIInterfaceOrientationLandscapeLeft UIInterfaceOrientationLandscapeRight";
				INFOPLIST_KEY_UISupportedInterfaceOrientations_iPhone = "UIInterfaceOrientationPortrait UIInterfaceOrientationLandscapeLeft UIInterfaceOrientationLandscapeRight";
				LD_RUNPATH_SEARCH_PATHS = (
					"$(inherited)",
					"@executable_path/Frameworks",
				);
				MARKETING_VERSION = 1.0;
				PRODUCT_BUNDLE_IDENTIFIER = kwk.coreDataProject;
				PRODUCT_NAME = "$(TARGET_NAME)";
				SWIFT_EMIT_LOC_STRINGS = YES;
				SWIFT_VERSION = 5.0;
				TARGETED_DEVICE_FAMILY = "1,2";
			};
			name = Debug;
		};
		BD5BC2B6286637E500B1AE14 /* Release */ = {
			isa = XCBuildConfiguration;
			buildSettings = {
				ASSETCATALOG_COMPILER_APPICON_NAME = AppIcon;
				ASSETCATALOG_COMPILER_GLOBAL_ACCENT_COLOR_NAME = AccentColor;
				CODE_SIGN_STYLE = Automatic;
				CURRENT_PROJECT_VERSION = 1;
				GENERATE_INFOPLIST_FILE = YES;
				INFOPLIST_FILE = coreDataProject/Info.plist;
				INFOPLIST_KEY_UIApplicationSupportsIndirectInputEvents = YES;
				INFOPLIST_KEY_UILaunchStoryboardName = LaunchScreen;
				INFOPLIST_KEY_UIMainStoryboardFile = Main;
				INFOPLIST_KEY_UISupportedInterfaceOrientations_iPad = "UIInterfaceOrientationPortrait UIInterfaceOrientationPortraitUpsideDown UIInterfaceOrientationLandscapeLeft UIInterfaceOrientationLandscapeRight";
				INFOPLIST_KEY_UISupportedInterfaceOrientations_iPhone = "UIInterfaceOrientationPortrait UIInterfaceOrientationLandscapeLeft UIInterfaceOrientationLandscapeRight";
				LD_RUNPATH_SEARCH_PATHS = (
					"$(inherited)",
					"@executable_path/Frameworks",
				);
				MARKETING_VERSION = 1.0;
				PRODUCT_BUNDLE_IDENTIFIER = kwk.coreDataProject;
				PRODUCT_NAME = "$(TARGET_NAME)";
				SWIFT_EMIT_LOC_STRINGS = YES;
				SWIFT_VERSION = 5.0;
				TARGETED_DEVICE_FAMILY = "1,2";
			};
			name = Release;
		};
		BD5BC2B8286637E500B1AE14 /* Debug */ = {
			isa = XCBuildConfiguration;
			buildSettings = {
				ALWAYS_EMBED_SWIFT_STANDARD_LIBRARIES = YES;
				BUNDLE_LOADER = "$(TEST_HOST)";
				CODE_SIGN_STYLE = Automatic;
				CURRENT_PROJECT_VERSION = 1;
				GENERATE_INFOPLIST_FILE = YES;
				IPHONEOS_DEPLOYMENT_TARGET = 15.5;
				MARKETING_VERSION = 1.0;
				PRODUCT_BUNDLE_IDENTIFIER = kwk.coreDataProjectTests;
				PRODUCT_NAME = "$(TARGET_NAME)";
				SWIFT_EMIT_LOC_STRINGS = NO;
				SWIFT_VERSION = 5.0;
				TARGETED_DEVICE_FAMILY = "1,2";
				TEST_HOST = "$(BUILT_PRODUCTS_DIR)/coreDataProject.app/coreDataProject";
			};
			name = Debug;
		};
		BD5BC2B9286637E500B1AE14 /* Release */ = {
			isa = XCBuildConfiguration;
			buildSettings = {
				ALWAYS_EMBED_SWIFT_STANDARD_LIBRARIES = YES;
				BUNDLE_LOADER = "$(TEST_HOST)";
				CODE_SIGN_STYLE = Automatic;
				CURRENT_PROJECT_VERSION = 1;
				GENERATE_INFOPLIST_FILE = YES;
				IPHONEOS_DEPLOYMENT_TARGET = 15.5;
				MARKETING_VERSION = 1.0;
				PRODUCT_BUNDLE_IDENTIFIER = kwk.coreDataProjectTests;
				PRODUCT_NAME = "$(TARGET_NAME)";
				SWIFT_EMIT_LOC_STRINGS = NO;
				SWIFT_VERSION = 5.0;
				TARGETED_DEVICE_FAMILY = "1,2";
				TEST_HOST = "$(BUILT_PRODUCTS_DIR)/coreDataProject.app/coreDataProject";
			};
			name = Release;
		};
		BD5BC2BB286637E500B1AE14 /* Debug */ = {
			isa = XCBuildConfiguration;
			buildSettings = {
				ALWAYS_EMBED_SWIFT_STANDARD_LIBRARIES = YES;
				CODE_SIGN_STYLE = Automatic;
				CURRENT_PROJECT_VERSION = 1;
				GENERATE_INFOPLIST_FILE = YES;
				MARKETING_VERSION = 1.0;
				PRODUCT_BUNDLE_IDENTIFIER = kwk.coreDataProjectUITests;
				PRODUCT_NAME = "$(TARGET_NAME)";
				SWIFT_EMIT_LOC_STRINGS = NO;
				SWIFT_VERSION = 5.0;
				TARGETED_DEVICE_FAMILY = "1,2";
				TEST_TARGET_NAME = coreDataProject;
			};
			name = Debug;
		};
		BD5BC2BC286637E500B1AE14 /* Release */ = {
			isa = XCBuildConfiguration;
			buildSettings = {
				ALWAYS_EMBED_SWIFT_STANDARD_LIBRARIES = YES;
				CODE_SIGN_STYLE = Automatic;
				CURRENT_PROJECT_VERSION = 1;
				GENERATE_INFOPLIST_FILE = YES;
				MARKETING_VERSION = 1.0;
				PRODUCT_BUNDLE_IDENTIFIER = kwk.coreDataProjectUITests;
				PRODUCT_NAME = "$(TARGET_NAME)";
				SWIFT_EMIT_LOC_STRINGS = NO;
				SWIFT_VERSION = 5.0;
				TARGETED_DEVICE_FAMILY = "1,2";
				TEST_TARGET_NAME = coreDataProject;
			};
			name = Release;
		};
/* End XCBuildConfiguration section */

/* Begin XCConfigurationList section */
		BD5BC282286637E300B1AE14 /* Build configuration list for PBXProject "coreDataProject" */ = {
			isa = XCConfigurationList;
			buildConfigurations = (
				BD5BC2B2286637E500B1AE14 /* Debug */,
				BD5BC2B3286637E500B1AE14 /* Release */,
			);
			defaultConfigurationIsVisible = 0;
			defaultConfigurationName = Release;
		};
		BD5BC2B4286637E500B1AE14 /* Build configuration list for PBXNativeTarget "coreDataProject" */ = {
			isa = XCConfigurationList;
			buildConfigurations = (
				BD5BC2B5286637E500B1AE14 /* Debug */,
				BD5BC2B6286637E500B1AE14 /* Release */,
			);
			defaultConfigurationIsVisible = 0;
			defaultConfigurationName = Release;
		};
		BD5BC2B7286637E500B1AE14 /* Build configuration list for PBXNativeTarget "coreDataProjectTests" */ = {
			isa = XCConfigurationList;
			buildConfigurations = (
				BD5BC2B8286637E500B1AE14 /* Debug */,
				BD5BC2B9286637E500B1AE14 /* Release */,
			);
			defaultConfigurationIsVisible = 0;
			defaultConfigurationName = Release;
		};
		BD5BC2BA286637E500B1AE14 /* Build configuration list for PBXNativeTarget "coreDataProjectUITests" */ = {
			isa = XCConfigurationList;
			buildConfigurations = (
				BD5BC2BB286637E500B1AE14 /* Debug */,
				BD5BC2BC286637E500B1AE14 /* Release */,
			);
			defaultConfigurationIsVisible = 0;
			defaultConfigurationName = Release;
		};
/* End XCConfigurationList section */

/* Begin XCVersionGroup section */
		BD5BC293286637E300B1AE14 /* coreDataProject.xcdatamodeld */ = {
			isa = XCVersionGroup;
			children = (
				BD5BC294286637E300B1AE14 /* coreDataProject.xcdatamodel */,
			);
			currentVersion = BD5BC294286637E300B1AE14 /* coreDataProject.xcdatamodel */;
			path = coreDataProject.xcdatamodeld;
			sourceTree = "<group>";
			versionGroupType = wrapper.xcdatamodel;
		};
/* End XCVersionGroup section */
	};
	rootObject = BD5BC27F286637E300B1AE14 /* Project object */;
}
